// !$*UTF8*$!
{
	archiveVersion = 1;
	classes = {
	};
	objectVersion = 56;
	objects = {

/* Begin PBXBuildFile section */
		638719842B126CCB008C7F54 /* ThermalPictureModel.swift in Sources */ = {isa = PBXBuildFile; fileRef = 638719832B126CCB008C7F54 /* ThermalPictureModel.swift */; };
		638719862B127063008C7F54 /* ThermalView.swift in Sources */ = {isa = PBXBuildFile; fileRef = 638719852B127063008C7F54 /* ThermalView.swift */; };
		638719882B127074008C7F54 /* ThermalViewModel.swift in Sources */ = {isa = PBXBuildFile; fileRef = 638719872B127074008C7F54 /* ThermalViewModel.swift */; };
		D7DFC8C12B0B889500601989 /* thermalMLApp.swift in Sources */ = {isa = PBXBuildFile; fileRef = D7DFC8C02B0B889500601989 /* thermalMLApp.swift */; };
		D7DFC8C32B0B889500601989 /* ContentView.swift in Sources */ = {isa = PBXBuildFile; fileRef = D7DFC8C22B0B889500601989 /* ContentView.swift */; };
		D7DFC8C52B0B889900601989 /* Assets.xcassets in Resources */ = {isa = PBXBuildFile; fileRef = D7DFC8C42B0B889900601989 /* Assets.xcassets */; };
		D7DFC8C82B0B889900601989 /* Preview Assets.xcassets in Resources */ = {isa = PBXBuildFile; fileRef = D7DFC8C72B0B889900601989 /* Preview Assets.xcassets */; };
		D7DFC8CF2B0BB9F900601989 /* thermalclassification 1.mlmodel in Sources */ = {isa = PBXBuildFile; fileRef = D7DFC8CE2B0BB9F900601989 /* thermalclassification 1.mlmodel */; };
		D7DFC8D12B0BBC5000601989 /* UIImage+Extention.swift in Sources */ = {isa = PBXBuildFile; fileRef = D7DFC8D02B0BBC5000601989 /* UIImage+Extention.swift */; };
/* End PBXBuildFile section */

/* Begin PBXFileReference section */
		638719832B126CCB008C7F54 /* ThermalPictureModel.swift */ = {isa = PBXFileReference; lastKnownFileType = sourcecode.swift; path = ThermalPictureModel.swift; sourceTree = "<group>"; };
		638719852B127063008C7F54 /* ThermalView.swift */ = {isa = PBXFileReference; lastKnownFileType = sourcecode.swift; path = ThermalView.swift; sourceTree = "<group>"; };
		638719872B127074008C7F54 /* ThermalViewModel.swift */ = {isa = PBXFileReference; lastKnownFileType = sourcecode.swift; path = ThermalViewModel.swift; sourceTree = "<group>"; };
		D7DFC8BD2B0B889500601989 /* thermalML.app */ = {isa = PBXFileReference; explicitFileType = wrapper.application; includeInIndex = 0; path = thermalML.app; sourceTree = BUILT_PRODUCTS_DIR; };
		D7DFC8C02B0B889500601989 /* thermalMLApp.swift */ = {isa = PBXFileReference; lastKnownFileType = sourcecode.swift; path = thermalMLApp.swift; sourceTree = "<group>"; };
		D7DFC8C22B0B889500601989 /* ContentView.swift */ = {isa = PBXFileReference; lastKnownFileType = sourcecode.swift; path = ContentView.swift; sourceTree = "<group>"; };
		D7DFC8C42B0B889900601989 /* Assets.xcassets */ = {isa = PBXFileReference; lastKnownFileType = folder.assetcatalog; path = Assets.xcassets; sourceTree = "<group>"; };
		D7DFC8C72B0B889900601989 /* Preview Assets.xcassets */ = {isa = PBXFileReference; lastKnownFileType = folder.assetcatalog; path = "Preview Assets.xcassets"; sourceTree = "<group>"; };
		D7DFC8CE2B0BB9F900601989 /* thermalclassification 1.mlmodel */ = {isa = PBXFileReference; lastKnownFileType = file.mlmodel; name = "thermalclassification 1.mlmodel"; path = "thermalML/MLModels/thermalclassification 1.mlmodel"; sourceTree = SOURCE_ROOT; };
		D7DFC8D02B0BBC5000601989 /* UIImage+Extention.swift */ = {isa = PBXFileReference; lastKnownFileType = sourcecode.swift; path = "UIImage+Extention.swift"; sourceTree = "<group>"; };
/* End PBXFileReference section */

/* Begin PBXFrameworksBuildPhase section */
		D7DFC8BA2B0B889500601989 /* Frameworks */ = {
			isa = PBXFrameworksBuildPhase;
			buildActionMask = 2147483647;
			files = (
			);
			runOnlyForDeploymentPostprocessing = 0;
		};
/* End PBXFrameworksBuildPhase section */

/* Begin PBXGroup section */
		6387197F2B1265D9008C7F54 /* MLModels */ = {
			isa = PBXGroup;
			children = (
				D7DFC8CE2B0BB9F900601989 /* thermalclassification 1.mlmodel */,
			);
			path = MLModels;
			sourceTree = "<group>";
		};
		638719802B1265F6008C7F54 /* Extensions */ = {
			isa = PBXGroup;
			children = (
				D7DFC8D02B0BBC5000601989 /* UIImage+Extention.swift */,
			);
			path = Extensions;
			sourceTree = "<group>";
		};
		638719812B126613008C7F54 /* Views */ = {
			isa = PBXGroup;
			children = (
				638719822B12661F008C7F54 /* ThermalView */,
			);
			path = Views;
			sourceTree = "<group>";
		};
		638719822B12661F008C7F54 /* ThermalView */ = {
			isa = PBXGroup;
			children = (
				638719832B126CCB008C7F54 /* ThermalPictureModel.swift */,
				638719852B127063008C7F54 /* ThermalView.swift */,
				638719872B127074008C7F54 /* ThermalViewModel.swift */,
			);
			path = ThermalView;
			sourceTree = "<group>";
		};
		D7DFC8B42B0B889500601989 = {
			isa = PBXGroup;
			children = (
				D7DFC8BF2B0B889500601989 /* thermalML */,
				D7DFC8BE2B0B889500601989 /* Products */,
			);
			sourceTree = "<group>";
		};
		D7DFC8BE2B0B889500601989 /* Products */ = {
			isa = PBXGroup;
			children = (
				D7DFC8BD2B0B889500601989 /* thermalML.app */,
			);
			name = Products;
			sourceTree = "<group>";
		};
		D7DFC8BF2B0B889500601989 /* thermalML */ = {
			isa = PBXGroup;
			children = (
				638719812B126613008C7F54 /* Views */,
				638719802B1265F6008C7F54 /* Extensions */,
				6387197F2B1265D9008C7F54 /* MLModels */,
				D7DFC8C02B0B889500601989 /* thermalMLApp.swift */,
				D7DFC8C22B0B889500601989 /* ContentView.swift */,
				D7DFC8C42B0B889900601989 /* Assets.xcassets */,
				D7DFC8C62B0B889900601989 /* Preview Content */,
			);
			path = thermalML;
			sourceTree = "<group>";
		};
		D7DFC8C62B0B889900601989 /* Preview Content */ = {
			isa = PBXGroup;
			children = (
				D7DFC8C72B0B889900601989 /* Preview Assets.xcassets */,
			);
			path = "Preview Content";
			sourceTree = "<group>";
		};
/* End PBXGroup section */

/* Begin PBXNativeTarget section */
		D7DFC8BC2B0B889500601989 /* thermalML */ = {
			isa = PBXNativeTarget;
			buildConfigurationList = D7DFC8CB2B0B889900601989 /* Build configuration list for PBXNativeTarget "thermalML" */;
			buildPhases = (
				D7DFC8B92B0B889500601989 /* Sources */,
				D7DFC8BA2B0B889500601989 /* Frameworks */,
				D7DFC8BB2B0B889500601989 /* Resources */,
			);
			buildRules = (
			);
			dependencies = (
			);
			name = thermalML;
			productName = thermalML;
			productReference = D7DFC8BD2B0B889500601989 /* thermalML.app */;
			productType = "com.apple.product-type.application";
		};
/* End PBXNativeTarget section */

/* Begin PBXProject section */
		D7DFC8B52B0B889500601989 /* Project object */ = {
			isa = PBXProject;
			attributes = {
				BuildIndependentTargetsInParallel = 1;
				LastSwiftUpdateCheck = 1500;
				LastUpgradeCheck = 1500;
				TargetAttributes = {
					D7DFC8BC2B0B889500601989 = {
						CreatedOnToolsVersion = 15.0.1;
					};
				};
			};
			buildConfigurationList = D7DFC8B82B0B889500601989 /* Build configuration list for PBXProject "thermalML" */;
			compatibilityVersion = "Xcode 14.0";
			developmentRegion = en;
			hasScannedForEncodings = 0;
			knownRegions = (
				en,
				Base,
			);
			mainGroup = D7DFC8B42B0B889500601989;
			productRefGroup = D7DFC8BE2B0B889500601989 /* Products */;
			projectDirPath = "";
			projectRoot = "";
			targets = (
				D7DFC8BC2B0B889500601989 /* thermalML */,
			);
		};
/* End PBXProject section */

/* Begin PBXResourcesBuildPhase section */
		D7DFC8BB2B0B889500601989 /* Resources */ = {
			isa = PBXResourcesBuildPhase;
			buildActionMask = 2147483647;
			files = (
				D7DFC8C82B0B889900601989 /* Preview Assets.xcassets in Resources */,
				D7DFC8C52B0B889900601989 /* Assets.xcassets in Resources */,
			);
			runOnlyForDeploymentPostprocessing = 0;
		};
/* End PBXResourcesBuildPhase section */

/* Begin PBXSourcesBuildPhase section */
		D7DFC8B92B0B889500601989 /* Sources */ = {
			isa = PBXSourcesBuildPhase;
			buildActionMask = 2147483647;
			files = (
				638719882B127074008C7F54 /* ThermalViewModel.swift in Sources */,
				D7DFC8D12B0BBC5000601989 /* UIImage+Extention.swift in Sources */,
				D7DFC8C32B0B889500601989 /* ContentView.swift in Sources */,
				638719862B127063008C7F54 /* ThermalView.swift in Sources */,
				638719842B126CCB008C7F54 /* ThermalPictureModel.swift in Sources */,
				D7DFC8CF2B0BB9F900601989 /* thermalclassification 1.mlmodel in Sources */,
				D7DFC8C12B0B889500601989 /* thermalMLApp.swift in Sources */,
			);
			runOnlyForDeploymentPostprocessing = 0;
		};
/* End PBXSourcesBuildPhase section */

/* Begin XCBuildConfiguration section */
		D7DFC8C92B0B889900601989 /* Debug */ = {
			isa = XCBuildConfiguration;
			buildSettings = {
				ALWAYS_SEARCH_USER_PATHS = NO;
				ASSETCATALOG_COMPILER_GENERATE_SWIFT_ASSET_SYMBOL_EXTENSIONS = YES;
				CLANG_ANALYZER_NONNULL = YES;
				CLANG_ANALYZER_NUMBER_OBJECT_CONVERSION = YES_AGGRESSIVE;
				CLANG_CXX_LANGUAGE_STANDARD = "gnu++20";
				CLANG_ENABLE_MODULES = YES;
				CLANG_ENABLE_OBJC_ARC = YES;
				CLANG_ENABLE_OBJC_WEAK = YES;
				CLANG_WARN_BLOCK_CAPTURE_AUTORELEASING = YES;
				CLANG_WARN_BOOL_CONVERSION = YES;
				CLANG_WARN_COMMA = YES;
				CLANG_WARN_CONSTANT_CONVERSION = YES;
				CLANG_WARN_DEPRECATED_OBJC_IMPLEMENTATIONS = YES;
				CLANG_WARN_DIRECT_OBJC_ISA_USAGE = YES_ERROR;
				CLANG_WARN_DOCUMENTATION_COMMENTS = YES;
				CLANG_WARN_EMPTY_BODY = YES;
				CLANG_WARN_ENUM_CONVERSION = YES;
				CLANG_WARN_INFINITE_RECURSION = YES;
				CLANG_WARN_INT_CONVERSION = YES;
				CLANG_WARN_NON_LITERAL_NULL_CONVERSION = YES;
				CLANG_WARN_OBJC_IMPLICIT_RETAIN_SELF = YES;
				CLANG_WARN_OBJC_LITERAL_CONVERSION = YES;
				CLANG_WARN_OBJC_ROOT_CLASS = YES_ERROR;
				CLANG_WARN_QUOTED_INCLUDE_IN_FRAMEWORK_HEADER = YES;
				CLANG_WARN_RANGE_LOOP_ANALYSIS = YES;
				CLANG_WARN_STRICT_PROTOTYPES = YES;
				CLANG_WARN_SUSPICIOUS_MOVE = YES;
				CLANG_WARN_UNGUARDED_AVAILABILITY = YES_AGGRESSIVE;
				CLANG_WARN_UNREACHABLE_CODE = YES;
				CLANG_WARN__DUPLICATE_METHOD_MATCH = YES;
				COPY_PHASE_STRIP = NO;
				DEBUG_INFORMATION_FORMAT = dwarf;
				ENABLE_STRICT_OBJC_MSGSEND = YES;
				ENABLE_TESTABILITY = YES;
				ENABLE_USER_SCRIPT_SANDBOXING = YES;
				GCC_C_LANGUAGE_STANDARD = gnu17;
				GCC_DYNAMIC_NO_PIC = NO;
				GCC_NO_COMMON_BLOCKS = YES;
				GCC_OPTIMIZATION_LEVEL = 0;
				GCC_PREPROCESSOR_DEFINITIONS = (
					"DEBUG=1",
					"$(inherited)",
				);
				GCC_WARN_64_TO_32_BIT_CONVERSION = YES;
				GCC_WARN_ABOUT_RETURN_TYPE = YES_ERROR;
				GCC_WARN_UNDECLARED_SELECTOR = YES;
				GCC_WARN_UNINITIALIZED_AUTOS = YES_AGGRESSIVE;
				GCC_WARN_UNUSED_FUNCTION = YES;
				GCC_WARN_UNUSED_VARIABLE = YES;
				IPHONEOS_DEPLOYMENT_TARGET = 17.0;
				LOCALIZATION_PREFERS_STRING_CATALOGS = YES;
				MTL_ENABLE_DEBUG_INFO = INCLUDE_SOURCE;
				MTL_FAST_MATH = YES;
				ONLY_ACTIVE_ARCH = YES;
				SDKROOT = iphoneos;
				SWIFT_ACTIVE_COMPILATION_CONDITIONS = "DEBUG $(inherited)";
				SWIFT_OPTIMIZATION_LEVEL = "-Onone";
			};
			name = Debug;
		};
		D7DFC8CA2B0B889900601989 /* Release */ = {
			isa = XCBuildConfiguration;
			buildSettings = {
				ALWAYS_SEARCH_USER_PATHS = NO;
				ASSETCATALOG_COMPILER_GENERATE_SWIFT_ASSET_SYMBOL_EXTENSIONS = YES;
				CLANG_ANALYZER_NONNULL = YES;
				CLANG_ANALYZER_NUMBER_OBJECT_CONVERSION = YES_AGGRESSIVE;
				CLANG_CXX_LANGUAGE_STANDARD = "gnu++20";
				CLANG_ENABLE_MODULES = YES;
				CLANG_ENABLE_OBJC_ARC = YES;
				CLANG_ENABLE_OBJC_WEAK = YES;
				CLANG_WARN_BLOCK_CAPTURE_AUTORELEASING = YES;
				CLANG_WARN_BOOL_CONVERSION = YES;
				CLANG_WARN_COMMA = YES;
				CLANG_WARN_CONSTANT_CONVERSION = YES;
				CLANG_WARN_DEPRECATED_OBJC_IMPLEMENTATIONS = YES;
				CLANG_WARN_DIRECT_OBJC_ISA_USAGE = YES_ERROR;
				CLANG_WARN_DOCUMENTATION_COMMENTS = YES;
				CLANG_WARN_EMPTY_BODY = YES;
				CLANG_WARN_ENUM_CONVERSION = YES;
				CLANG_WARN_INFINITE_RECURSION = YES;
				CLANG_WARN_INT_CONVERSION = YES;
				CLANG_WARN_NON_LITERAL_NULL_CONVERSION = YES;
				CLANG_WARN_OBJC_IMPLICIT_RETAIN_SELF = YES;
				CLANG_WARN_OBJC_LITERAL_CONVERSION = YES;
				CLANG_WARN_OBJC_ROOT_CLASS = YES_ERROR;
				CLANG_WARN_QUOTED_INCLUDE_IN_FRAMEWORK_HEADER = YES;
				CLANG_WARN_RANGE_LOOP_ANALYSIS = YES;
				CLANG_WARN_STRICT_PROTOTYPES = YES;
				CLANG_WARN_SUSPICIOUS_MOVE = YES;
				CLANG_WARN_UNGUARDED_AVAILABILITY = YES_AGGRESSIVE;
				CLANG_WARN_UNREACHABLE_CODE = YES;
				CLANG_WARN__DUPLICATE_METHOD_MATCH = YES;
				COPY_PHASE_STRIP = NO;
				DEBUG_INFORMATION_FORMAT = "dwarf-with-dsym";
				ENABLE_NS_ASSERTIONS = NO;
				ENABLE_STRICT_OBJC_MSGSEND = YES;
				ENABLE_USER_SCRIPT_SANDBOXING = YES;
				GCC_C_LANGUAGE_STANDARD = gnu17;
				GCC_NO_COMMON_BLOCKS = YES;
				GCC_WARN_64_TO_32_BIT_CONVERSION = YES;
				GCC_WARN_ABOUT_RETURN_TYPE = YES_ERROR;
				GCC_WARN_UNDECLARED_SELECTOR = YES;
				GCC_WARN_UNINITIALIZED_AUTOS = YES_AGGRESSIVE;
				GCC_WARN_UNUSED_FUNCTION = YES;
				GCC_WARN_UNUSED_VARIABLE = YES;
				IPHONEOS_DEPLOYMENT_TARGET = 17.0;
				LOCALIZATION_PREFERS_STRING_CATALOGS = YES;
				MTL_ENABLE_DEBUG_INFO = NO;
				MTL_FAST_MATH = YES;
				SDKROOT = iphoneos;
				SWIFT_COMPILATION_MODE = wholemodule;
				VALIDATE_PRODUCT = YES;
			};
			name = Release;
		};
		D7DFC8CC2B0B889900601989 /* Debug */ = {
			isa = XCBuildConfiguration;
			buildSettings = {
				ASSETCATALOG_COMPILER_APPICON_NAME = AppIcon;
				ASSETCATALOG_COMPILER_GLOBAL_ACCENT_COLOR_NAME = AccentColor;
				CODE_SIGN_STYLE = Automatic;
				CURRENT_PROJECT_VERSION = 1;
				DEVELOPMENT_ASSET_PATHS = "\"thermalML/Preview Content\"";
				DEVELOPMENT_TEAM = FXJ4W3YC8P;
				ENABLE_PREVIEWS = YES;
				GENERATE_INFOPLIST_FILE = YES;
				INFOPLIST_KEY_UIApplicationSceneManifest_Generation = YES;
				INFOPLIST_KEY_UIApplicationSupportsIndirectInputEvents = YES;
				INFOPLIST_KEY_UILaunchScreen_Generation = YES;
				INFOPLIST_KEY_UISupportedInterfaceOrientations_iPad = "UIInterfaceOrientationPortrait UIInterfaceOrientationPortraitUpsideDown UIInterfaceOrientationLandscapeLeft UIInterfaceOrientationLandscapeRight";
				INFOPLIST_KEY_UISupportedInterfaceOrientations_iPhone = "UIInterfaceOrientationPortrait UIInterfaceOrientationLandscapeLeft UIInterfaceOrientationLandscapeRight";
				LD_RUNPATH_SEARCH_PATHS = (
					"$(inherited)",
					"@executable_path/Frameworks",
				);
				MARKETING_VERSION = 1.0;
				PRODUCT_BUNDLE_IDENTIFIER = sg.thermalML;
				PRODUCT_NAME = "$(TARGET_NAME)";
				SWIFT_EMIT_LOC_STRINGS = YES;
				SWIFT_VERSION = 5.0;
				TARGETED_DEVICE_FAMILY = "1,2";
			};
			name = Debug;
		};
		D7DFC8CD2B0B889900601989 /* Release */ = {
			isa = XCBuildConfiguration;
			buildSettings = {
				ASSETCATALOG_COMPILER_APPICON_NAME = AppIcon;
				ASSETCATALOG_COMPILER_GLOBAL_ACCENT_COLOR_NAME = AccentColor;
				CODE_SIGN_STYLE = Automatic;
				CURRENT_PROJECT_VERSION = 1;
				DEVELOPMENT_ASSET_PATHS = "\"thermalML/Preview Content\"";
				DEVELOPMENT_TEAM = FXJ4W3YC8P;
				ENABLE_PREVIEWS = YES;
				GENERATE_INFOPLIST_FILE = YES;
				INFOPLIST_KEY_UIApplicationSceneManifest_Generation = YES;
				INFOPLIST_KEY_UIApplicationSupportsIndirectInputEvents = YES;
				INFOPLIST_KEY_UILaunchScreen_Generation = YES;
				INFOPLIST_KEY_UISupportedInterfaceOrientations_iPad = "UIInterfaceOrientationPortrait UIInterfaceOrientationPortraitUpsideDown UIInterfaceOrientationLandscapeLeft UIInterfaceOrientationLandscapeRight";
				INFOPLIST_KEY_UISupportedInterfaceOrientations_iPhone = "UIInterfaceOrientationPortrait UIInterfaceOrientationLandscapeLeft UIInterfaceOrientationLandscapeRight";
				LD_RUNPATH_SEARCH_PATHS = (
					"$(inherited)",
					"@executable_path/Frameworks",
				);
				MARKETING_VERSION = 1.0;
				PRODUCT_BUNDLE_IDENTIFIER = sg.thermalML;
				PRODUCT_NAME = "$(TARGET_NAME)";
				SWIFT_EMIT_LOC_STRINGS = YES;
				SWIFT_VERSION = 5.0;
				TARGETED_DEVICE_FAMILY = "1,2";
			};
			name = Release;
		};
/* End XCBuildConfiguration section */

/* Begin XCConfigurationList section */
		D7DFC8B82B0B889500601989 /* Build configuration list for PBXProject "thermalML" */ = {
			isa = XCConfigurationList;
			buildConfigurations = (
				D7DFC8C92B0B889900601989 /* Debug */,
				D7DFC8CA2B0B889900601989 /* Release */,
			);
			defaultConfigurationIsVisible = 0;
			defaultConfigurationName = Release;
		};
		D7DFC8CB2B0B889900601989 /* Build configuration list for PBXNativeTarget "thermalML" */ = {
			isa = XCConfigurationList;
			buildConfigurations = (
				D7DFC8CC2B0B889900601989 /* Debug */,
				D7DFC8CD2B0B889900601989 /* Release */,
			);
			defaultConfigurationIsVisible = 0;
			defaultConfigurationName = Release;
		};
/* End XCConfigurationList section */
	};
	rootObject = D7DFC8B52B0B889500601989 /* Project object */;
}
